
Microsoft Visual Studio Solution File, Format Version 12.00
# Visual Studio Version 17
VisualStudioVersion = 17.0.31903.59
MinimumVisualStudioVersion = 10.0.40219.1
Project("{9A19103F-16F7-4668-BE54-9A1E7A4F7556}") = "CleanArchMvc.Domain", "CleanArchMvc.Domain\CleanArchMvc.Domain.csproj", "{B36A1E59-CD86-422D-A297-A868F1A90E6E}"
EndProject
Project("{9A19103F-16F7-4668-BE54-9A1E7A4F7556}") = "CleanArchMvc.Infra.Data", "CleanArchMvc.Infra.Data\CleanArchMvc.Infra.Data.csproj", "{5A92A01B-29E5-4267-8122-9EBD01E7129F}"
EndProject
Project("{9A19103F-16F7-4668-BE54-9A1E7A4F7556}") = "CleanArchMvc.Infra.IoC", "CleanArchMvc.Infra.IoC\CleanArchMvc.Infra.IoC.csproj", "{A014E178-6053-4C22-8473-74B91E7BA50F}"
EndProject
Project("{9A19103F-16F7-4668-BE54-9A1E7A4F7556}") = "CleanArchMvc.Tests", "CleanArchMvc.Tests\CleanArchMvc.Tests.csproj", "{C5FB08D5-EC3F-4211-994D-75C0CA4D75F8}"
EndProject
Project("{9A19103F-16F7-4668-BE54-9A1E7A4F7556}") = "CleanArchMvc.Application", "CleanArchMvc.Application\CleanArchMvc.Application.csproj", "{3164BE6B-71FA-48EF-B675-B9BC63A51B2F}"
EndProject
Project("{2150E333-8FDC-42A3-9474-1A3956D46DE8}") = "Solution Items", "Solution Items", "{A3BCE7F3-B152-45F5-8080-3F97F2D00B9E}"
	ProjectSection(SolutionItems) = preProject
		README.md = README.md
	EndProjectSection
EndProject
Project("{2150E333-8FDC-42A3-9474-1A3956D46DE8}") = "Wiki", "Wiki", "{1148A446-2217-439B-AAE8-4152D323211B}"
	ProjectSection(SolutionItems) = preProject
		Wiki\ComunicaçãoCamadasAltoNível.png = Wiki\ComunicaçãoCamadasAltoNível.png
		Wiki\FluxoProcessamentoRequisiçãoServiços.png = Wiki\FluxoProcessamentoRequisiçãoServiços.png
	EndProjectSection
EndProject
Global
	GlobalSection(SolutionConfigurationPlatforms) = preSolution
		Debug|Any CPU = Debug|Any CPU
		Release|Any CPU = Release|Any CPU
	EndGlobalSection
	GlobalSection(ProjectConfigurationPlatforms) = postSolution
		{B36A1E59-CD86-422D-A297-A868F1A90E6E}.Debug|Any CPU.ActiveCfg = Debug|Any CPU
		{B36A1E59-CD86-422D-A297-A868F1A90E6E}.Debug|Any CPU.Build.0 = Debug|Any CPU
		{B36A1E59-CD86-422D-A297-A868F1A90E6E}.Release|Any CPU.ActiveCfg = Release|Any CPU
		{B36A1E59-CD86-422D-A297-A868F1A90E6E}.Release|Any CPU.Build.0 = Release|Any CPU
		{5A92A01B-29E5-4267-8122-9EBD01E7129F}.Debug|Any CPU.ActiveCfg = Debug|Any CPU
		{5A92A01B-29E5-4267-8122-9EBD01E7129F}.Debug|Any CPU.Build.0 = Debug|Any CPU
		{5A92A01B-29E5-4267-8122-9EBD01E7129F}.Release|Any CPU.ActiveCfg = Release|Any CPU
		{5A92A01B-29E5-4267-8122-9EBD01E7129F}.Release|Any CPU.Build.0 = Release|Any CPU
		{A014E178-6053-4C22-8473-74B91E7BA50F}.Debug|Any CPU.ActiveCfg = Debug|Any CPU
		{A014E178-6053-4C22-8473-74B91E7BA50F}.Debug|Any CPU.Build.0 = Debug|Any CPU
		{A014E178-6053-4C22-8473-74B91E7BA50F}.Release|Any CPU.ActiveCfg = Release|Any CPU
		{A014E178-6053-4C22-8473-74B91E7BA50F}.Release|Any CPU.Build.0 = Release|Any CPU
		{C5FB08D5-EC3F-4211-994D-75C0CA4D75F8}.Debug|Any CPU.ActiveCfg = Debug|Any CPU
		{C5FB08D5-EC3F-4211-994D-75C0CA4D75F8}.Debug|Any CPU.Build.0 = Debug|Any CPU
		{C5FB08D5-EC3F-4211-994D-75C0CA4D75F8}.Release|Any CPU.ActiveCfg = Release|Any CPU
		{C5FB08D5-EC3F-4211-994D-75C0CA4D75F8}.Release|Any CPU.Build.0 = Release|Any CPU
		{3164BE6B-71FA-48EF-B675-B9BC63A51B2F}.Debug|Any CPU.ActiveCfg = Debug|Any CPU
		{3164BE6B-71FA-48EF-B675-B9BC63A51B2F}.Debug|Any CPU.Build.0 = Debug|Any CPU
		{3164BE6B-71FA-48EF-B675-B9BC63A51B2F}.Release|Any CPU.ActiveCfg = Release|Any CPU
		{3164BE6B-71FA-48EF-B675-B9BC63A51B2F}.Release|Any CPU.Build.0 = Release|Any CPU
	EndGlobalSection
	GlobalSection(SolutionProperties) = preSolution
		HideSolutionNode = FALSE
	EndGlobalSection
	GlobalSection(NestedProjects) = preSolution
		{1148A446-2217-439B-AAE8-4152D323211B} = {A3BCE7F3-B152-45F5-8080-3F97F2D00B9E}
	EndGlobalSection
	GlobalSection(ExtensibilityGlobals) = postSolution
		SolutionGuid = {D712D824-222A-48EC-8C2F-56484D837B4A}
	EndGlobalSection
EndGlobal
